PODS:
  - FBSnapshotTestCase (2.1.4):
    - FBSnapshotTestCase/SwiftSupport (= 2.1.4)
  - FBSnapshotTestCase/Core (2.1.4)
  - FBSnapshotTestCase/SwiftSupport (2.1.4):
    - FBSnapshotTestCase/Core
  - UISlidingController (1.0.0)

DEPENDENCIES:
  - FBSnapshotTestCase (~> 2.1.4)
  - UISlidingController (from `../`)

SPEC REPOS:
  https://github.com/CocoaPods/Specs.git:
    - FBSnapshotTestCase

EXTERNAL SOURCES:
  UISlidingController:
    :path: "../"

SPEC CHECKSUMS:
  FBSnapshotTestCase: 094f9f314decbabe373b87cc339bea235a63e07a
  UISlidingController: 159fa8f2bced18ede58b4601ad8c4b5a2f6da084

PODFILE CHECKSUM: 2d0f18dca05e03a71f593d6264cad2fc58cf3429

COCOAPODS: 1.5.0
